// !$*UTF8*$!
{
	archiveVersion = 1;
	classes = {
	};
	objectVersion = 50;
	objects = {

/* Begin PBXBuildFile section */
		CB1E3CD32573B66D00A9A703 /* EmojiArtDocumentPalette.swift in Sources */ = {isa = PBXBuildFile; fileRef = CB1E3CD22573B66D00A9A703 /* EmojiArtDocumentPalette.swift */; };
		CB1E3CD62573B7CC00A9A703 /* PaletteChooser.swift in Sources */ = {isa = PBXBuildFile; fileRef = CB1E3CD52573B7CC00A9A703 /* PaletteChooser.swift */; };
		CB1E3CDA2573CD2C00A9A703 /* EmojiArtDocumentStore.swift in Sources */ = {isa = PBXBuildFile; fileRef = CB1E3CD92573CD2C00A9A703 /* EmojiArtDocumentStore.swift */; };
		CB1E3CDD2573D02E00A9A703 /* EmojiArtDocumentChooser.swift in Sources */ = {isa = PBXBuildFile; fileRef = CB1E3CDC2573D02E00A9A703 /* EmojiArtDocumentChooser.swift */; };
		CB1E3CE02573D71C00A9A703 /* EditableText.swift in Sources */ = {isa = PBXBuildFile; fileRef = CB1E3CDF2573D71C00A9A703 /* EditableText.swift */; };
		DCBE77EF2516E95A003085E6 /* EmojiArtApp.swift in Sources */ = {isa = PBXBuildFile; fileRef = DCBE77EE2516E95A003085E6 /* EmojiArtApp.swift */; };
		DCBE77F12516E95A003085E6 /* EmojiArtDocumentView.swift in Sources */ = {isa = PBXBuildFile; fileRef = DCBE77F02516E95A003085E6 /* EmojiArtDocumentView.swift */; };
		DCBE77F32516E95E003085E6 /* Assets.xcassets in Resources */ = {isa = PBXBuildFile; fileRef = DCBE77F22516E95E003085E6 /* Assets.xcassets */; };
		DCBE77F62516E95E003085E6 /* Preview Assets.xcassets in Resources */ = {isa = PBXBuildFile; fileRef = DCBE77F52516E95E003085E6 /* Preview Assets.xcassets */; };
		DCBE78012517A13A003085E6 /* EmojiArtDocument.swift in Sources */ = {isa = PBXBuildFile; fileRef = DCBE78002517A13A003085E6 /* EmojiArtDocument.swift */; };
		DCBE78042518E1C6003085E6 /* EmojiArtExtensions.swift in Sources */ = {isa = PBXBuildFile; fileRef = DCBE78032518E1C6003085E6 /* EmojiArtExtensions.swift */; };
		DCBE78072518E4BA003085E6 /* EmojiArt.swift in Sources */ = {isa = PBXBuildFile; fileRef = DCBE78062518E4BA003085E6 /* EmojiArt.swift */; };
/* End PBXBuildFile section */

/* Begin PBXFileReference section */
		CB1E3CD22573B66D00A9A703 /* EmojiArtDocumentPalette.swift */ = {isa = PBXFileReference; fileEncoding = 4; lastKnownFileType = sourcecode.swift; path = EmojiArtDocumentPalette.swift; sourceTree = "<group>"; };
		CB1E3CD52573B7CC00A9A703 /* PaletteChooser.swift */ = {isa = PBXFileReference; lastKnownFileType = sourcecode.swift; path = PaletteChooser.swift; sourceTree = "<group>"; };
		CB1E3CD92573CD2C00A9A703 /* EmojiArtDocumentStore.swift */ = {isa = PBXFileReference; fileEncoding = 4; lastKnownFileType = sourcecode.swift; path = EmojiArtDocumentStore.swift; sourceTree = "<group>"; };
		CB1E3CDC2573D02E00A9A703 /* EmojiArtDocumentChooser.swift */ = {isa = PBXFileReference; lastKnownFileType = sourcecode.swift; path = EmojiArtDocumentChooser.swift; sourceTree = "<group>"; };
		CB1E3CDF2573D71C00A9A703 /* EditableText.swift */ = {isa = PBXFileReference; fileEncoding = 4; lastKnownFileType = sourcecode.swift; path = EditableText.swift; sourceTree = "<group>"; };
		DCBE77EB2516E95A003085E6 /* EmojiArt.app */ = {isa = PBXFileReference; explicitFileType = wrapper.application; includeInIndex = 0; path = EmojiArt.app; sourceTree = BUILT_PRODUCTS_DIR; };
		DCBE77EE2516E95A003085E6 /* EmojiArtApp.swift */ = {isa = PBXFileReference; lastKnownFileType = sourcecode.swift; path = EmojiArtApp.swift; sourceTree = "<group>"; };
		DCBE77F02516E95A003085E6 /* EmojiArtDocumentView.swift */ = {isa = PBXFileReference; lastKnownFileType = sourcecode.swift; path = EmojiArtDocumentView.swift; sourceTree = "<group>"; };
		DCBE77F22516E95E003085E6 /* Assets.xcassets */ = {isa = PBXFileReference; lastKnownFileType = folder.assetcatalog; path = Assets.xcassets; sourceTree = "<group>"; };
		DCBE77F52516E95E003085E6 /* Preview Assets.xcassets */ = {isa = PBXFileReference; lastKnownFileType = folder.assetcatalog; path = "Preview Assets.xcassets"; sourceTree = "<group>"; };
		DCBE77F72516E95E003085E6 /* Info.plist */ = {isa = PBXFileReference; lastKnownFileType = text.plist.xml; path = Info.plist; sourceTree = "<group>"; };
		DCBE78002517A13A003085E6 /* EmojiArtDocument.swift */ = {isa = PBXFileReference; lastKnownFileType = sourcecode.swift; path = EmojiArtDocument.swift; sourceTree = "<group>"; };
		DCBE78032518E1C6003085E6 /* EmojiArtExtensions.swift */ = {isa = PBXFileReference; lastKnownFileType = sourcecode.swift; path = EmojiArtExtensions.swift; sourceTree = "<group>"; };
		DCBE78062518E4BA003085E6 /* EmojiArt.swift */ = {isa = PBXFileReference; lastKnownFileType = sourcecode.swift; path = EmojiArt.swift; sourceTree = "<group>"; };
/* End PBXFileReference section */

/* Begin PBXFrameworksBuildPhase section */
		DCBE77E82516E95A003085E6 /* Frameworks */ = {
			isa = PBXFrameworksBuildPhase;
			buildActionMask = 2147483647;
			files = (
			);
			runOnlyForDeploymentPostprocessing = 0;
		};
/* End PBXFrameworksBuildPhase section */

/* Begin PBXGroup section */
		DCBE77E22516E95A003085E6 = {
			isa = PBXGroup;
			children = (
				DCBE77ED2516E95A003085E6 /* EmojiArt */,
				DCBE77EC2516E95A003085E6 /* Products */,
			);
			sourceTree = "<group>";
		};
		DCBE77EC2516E95A003085E6 /* Products */ = {
			isa = PBXGroup;
			children = (
				DCBE77EB2516E95A003085E6 /* EmojiArt.app */,
			);
			name = Products;
			sourceTree = "<group>";
		};
		DCBE77ED2516E95A003085E6 /* EmojiArt */ = {
			isa = PBXGroup;
			children = (
				DCBE77EE2516E95A003085E6 /* EmojiArtApp.swift */,
				DCBE77F02516E95A003085E6 /* EmojiArtDocumentView.swift */,
				CB1E3CD52573B7CC00A9A703 /* PaletteChooser.swift */,
				DCBE78032518E1C6003085E6 /* EmojiArtExtensions.swift */,
				DCBE78002517A13A003085E6 /* EmojiArtDocument.swift */,
				CB1E3CDC2573D02E00A9A703 /* EmojiArtDocumentChooser.swift */,
				CB1E3CD92573CD2C00A9A703 /* EmojiArtDocumentStore.swift */,
				CB1E3CDF2573D71C00A9A703 /* EditableText.swift */,
				CB1E3CD22573B66D00A9A703 /* EmojiArtDocumentPalette.swift */,
				DCBE78062518E4BA003085E6 /* EmojiArt.swift */,
				DCBE77F22516E95E003085E6 /* Assets.xcassets */,
				DCBE77F72516E95E003085E6 /* Info.plist */,
				DCBE77F42516E95E003085E6 /* Preview Content */,
			);
			path = EmojiArt;
			sourceTree = "<group>";
		};
		DCBE77F42516E95E003085E6 /* Preview Content */ = {
			isa = PBXGroup;
			children = (
				DCBE77F52516E95E003085E6 /* Preview Assets.xcassets */,
			);
			path = "Preview Content";
			sourceTree = "<group>";
		};
/* End PBXGroup section */

/* Begin PBXNativeTarget section */
		DCBE77EA2516E95A003085E6 /* EmojiArt */ = {
			isa = PBXNativeTarget;
			buildConfigurationList = DCBE77FA2516E95E003085E6 /* Build configuration list for PBXNativeTarget "EmojiArt" */;
			buildPhases = (
				DCBE77E72516E95A003085E6 /* Sources */,
				DCBE77E82516E95A003085E6 /* Frameworks */,
				DCBE77E92516E95A003085E6 /* Resources */,
			);
			buildRules = (
			);
			dependencies = (
			);
			name = EmojiArt;
			productName = EmojiArt;
			productReference = DCBE77EB2516E95A003085E6 /* EmojiArt.app */;
			productType = "com.apple.product-type.application";
		};
/* End PBXNativeTarget section */

/* Begin PBXProject section */
		DCBE77E32516E95A003085E6 /* Project object */ = {
			isa = PBXProject;
			attributes = {
				LastSwiftUpdateCheck = 1200;
				LastUpgradeCheck = 1200;
				TargetAttributes = {
					DCBE77EA2516E95A003085E6 = {
						CreatedOnToolsVersion = 12.0;
					};
				};
			};
			buildConfigurationList = DCBE77E62516E95A003085E6 /* Build configuration list for PBXProject "EmojiArt" */;
			compatibilityVersion = "Xcode 9.3";
			developmentRegion = en;
			hasScannedForEncodings = 0;
			knownRegions = (
				en,
				Base,
			);
			mainGroup = DCBE77E22516E95A003085E6;
			productRefGroup = DCBE77EC2516E95A003085E6 /* Products */;
			projectDirPath = "";
			projectRoot = "";
			targets = (
				DCBE77EA2516E95A003085E6 /* EmojiArt */,
			);
		};
/* End PBXProject section */

/* Begin PBXResourcesBuildPhase section */
		DCBE77E92516E95A003085E6 /* Resources */ = {
			isa = PBXResourcesBuildPhase;
			buildActionMask = 2147483647;
			files = (
				DCBE77F62516E95E003085E6 /* Preview Assets.xcassets in Resources */,
				DCBE77F32516E95E003085E6 /* Assets.xcassets in Resources */,
			);
			runOnlyForDeploymentPostprocessing = 0;
		};
/* End PBXResourcesBuildPhase section */

/* Begin PBXSourcesBuildPhase section */
		DCBE77E72516E95A003085E6 /* Sources */ = {
			isa = PBXSourcesBuildPhase;
			buildActionMask = 2147483647;
			files = (
				CB1E3CE02573D71C00A9A703 /* EditableText.swift in Sources */,
				DCBE77F12516E95A003085E6 /* EmojiArtDocumentView.swift in Sources */,
				DCBE78012517A13A003085E6 /* EmojiArtDocument.swift in Sources */,
				DCBE78072518E4BA003085E6 /* EmojiArt.swift in Sources */,
				DCBE78042518E1C6003085E6 /* EmojiArtExtensions.swift in Sources */,
				CB1E3CD62573B7CC00A9A703 /* PaletteChooser.swift in Sources */,
				CB1E3CDD2573D02E00A9A703 /* EmojiArtDocumentChooser.swift in Sources */,
				CB1E3CDA2573CD2C00A9A703 /* EmojiArtDocumentStore.swift in Sources */,
				DCBE77EF2516E95A003085E6 /* EmojiArtApp.swift in Sources */,
				CB1E3CD32573B66D00A9A703 /* EmojiArtDocumentPalette.swift in Sources */,
			);
			runOnlyForDeploymentPostprocessing = 0;
		};
/* End PBXSourcesBuildPhase section */

/* Begin XCBuildConfiguration section */
		DCBE77F82516E95E003085E6 /* Debug */ = {
			isa = XCBuildConfiguration;
			buildSettings = {
				ALWAYS_SEARCH_USER_PATHS = NO;
				CLANG_ANALYZER_NONNULL = YES;
				CLANG_ANALYZER_NUMBER_OBJECT_CONVERSION = YES_AGGRESSIVE;
				CLANG_CXX_LANGUAGE_STANDARD = "gnu++14";
				CLANG_CXX_LIBRARY = "libc++";
				CLANG_ENABLE_MODULES = YES;
				CLANG_ENABLE_OBJC_ARC = YES;
				CLANG_ENABLE_OBJC_WEAK = YES;
				CLANG_WARN_BLOCK_CAPTURE_AUTORELEASING = YES;
				CLANG_WARN_BOOL_CONVERSION = YES;
				CLANG_WARN_COMMA = YES;
				CLANG_WARN_CONSTANT_CONVERSION = YES;
				CLANG_WARN_DEPRECATED_OBJC_IMPLEMENTATIONS = YES;
				CLANG_WARN_DIRECT_OBJC_ISA_USAGE = YES_ERROR;
				CLANG_WARN_DOCUMENTATION_COMMENTS = YES;
				CLANG_WARN_EMPTY_BODY = YES;
				CLANG_WARN_ENUM_CONVERSION = YES;
				CLANG_WARN_INFINITE_RECURSION = YES;
				CLANG_WARN_INT_CONVERSION = YES;
				CLANG_WARN_NON_LITERAL_NULL_CONVERSION = YES;
				CLANG_WARN_OBJC_IMPLICIT_RETAIN_SELF = YES;
				CLANG_WARN_OBJC_LITERAL_CONVERSION = YES;
				CLANG_WARN_OBJC_ROOT_CLASS = YES_ERROR;
				CLANG_WARN_QUOTED_INCLUDE_IN_FRAMEWORK_HEADER = YES;
				CLANG_WARN_RANGE_LOOP_ANALYSIS = YES;
				CLANG_WARN_STRICT_PROTOTYPES = YES;
				CLANG_WARN_SUSPICIOUS_MOVE = YES;
				CLANG_WARN_UNGUARDED_AVAILABILITY = YES_AGGRESSIVE;
				CLANG_WARN_UNREACHABLE_CODE = YES;
				CLANG_WARN__DUPLICATE_METHOD_MATCH = YES;
				COPY_PHASE_STRIP = NO;
				DEBUG_INFORMATION_FORMAT = dwarf;
				ENABLE_STRICT_OBJC_MSGSEND = YES;
				ENABLE_TESTABILITY = YES;
				GCC_C_LANGUAGE_STANDARD = gnu11;
				GCC_DYNAMIC_NO_PIC = NO;
				GCC_NO_COMMON_BLOCKS = YES;
				GCC_OPTIMIZATION_LEVEL = 0;
				GCC_PREPROCESSOR_DEFINITIONS = (
					"DEBUG=1",
					"$(inherited)",
				);
				GCC_WARN_64_TO_32_BIT_CONVERSION = YES;
				GCC_WARN_ABOUT_RETURN_TYPE = YES_ERROR;
				GCC_WARN_UNDECLARED_SELECTOR = YES;
				GCC_WARN_UNINITIALIZED_AUTOS = YES_AGGRESSIVE;
				GCC_WARN_UNUSED_FUNCTION = YES;
				GCC_WARN_UNUSED_VARIABLE = YES;
				IPHONEOS_DEPLOYMENT_TARGET = 14.0;
				MTL_ENABLE_DEBUG_INFO = INCLUDE_SOURCE;
				MTL_FAST_MATH = YES;
				ONLY_ACTIVE_ARCH = YES;
				SDKROOT = iphoneos;
				SWIFT_ACTIVE_COMPILATION_CONDITIONS = DEBUG;
				SWIFT_OPTIMIZATION_LEVEL = "-Onone";
			};
			name = Debug;
		};
		DCBE77F92516E95E003085E6 /* Release */ = {
			isa = XCBuildConfiguration;
			buildSettings = {
				ALWAYS_SEARCH_USER_PATHS = NO;
				CLANG_ANALYZER_NONNULL = YES;
				CLANG_ANALYZER_NUMBER_OBJECT_CONVERSION = YES_AGGRESSIVE;
				CLANG_CXX_LANGUAGE_STANDARD = "gnu++14";
				CLANG_CXX_LIBRARY = "libc++";
				CLANG_ENABLE_MODULES = YES;
				CLANG_ENABLE_OBJC_ARC = YES;
				CLANG_ENABLE_OBJC_WEAK = YES;
				CLANG_WARN_BLOCK_CAPTURE_AUTORELEASING = YES;
				CLANG_WARN_BOOL_CONVERSION = YES;
				CLANG_WARN_COMMA = YES;
				CLANG_WARN_CONSTANT_CONVERSION = YES;
				CLANG_WARN_DEPRECATED_OBJC_IMPLEMENTATIONS = YES;
				CLANG_WARN_DIRECT_OBJC_ISA_USAGE = YES_ERROR;
				CLANG_WARN_DOCUMENTATION_COMMENTS = YES;
				CLANG_WARN_EMPTY_BODY = YES;
				CLANG_WARN_ENUM_CONVERSION = YES;
				CLANG_WARN_INFINITE_RECURSION = YES;
				CLANG_WARN_INT_CONVERSION = YES;
				CLANG_WARN_NON_LITERAL_NULL_CONVERSION = YES;
				CLANG_WARN_OBJC_IMPLICIT_RETAIN_SELF = YES;
				CLANG_WARN_OBJC_LITERAL_CONVERSION = YES;
				CLANG_WARN_OBJC_ROOT_CLASS = YES_ERROR;
				CLANG_WARN_QUOTED_INCLUDE_IN_FRAMEWORK_HEADER = YES;
				CLANG_WARN_RANGE_LOOP_ANALYSIS = YES;
				CLANG_WARN_STRICT_PROTOTYPES = YES;
				CLANG_WARN_SUSPICIOUS_MOVE = YES;
				CLANG_WARN_UNGUARDED_AVAILABILITY = YES_AGGRESSIVE;
				CLANG_WARN_UNREACHABLE_CODE = YES;
				CLANG_WARN__DUPLICATE_METHOD_MATCH = YES;
				COPY_PHASE_STRIP = NO;
				DEBUG_INFORMATION_FORMAT = "dwarf-with-dsym";
				ENABLE_NS_ASSERTIONS = NO;
				ENABLE_STRICT_OBJC_MSGSEND = YES;
				GCC_C_LANGUAGE_STANDARD = gnu11;
				GCC_NO_COMMON_BLOCKS = YES;
				GCC_WARN_64_TO_32_BIT_CONVERSION = YES;
				GCC_WARN_ABOUT_RETURN_TYPE = YES_ERROR;
				GCC_WARN_UNDECLARED_SELECTOR = YES;
				GCC_WARN_UNINITIALIZED_AUTOS = YES_AGGRESSIVE;
				GCC_WARN_UNUSED_FUNCTION = YES;
				GCC_WARN_UNUSED_VARIABLE = YES;
				IPHONEOS_DEPLOYMENT_TARGET = 14.0;
				MTL_ENABLE_DEBUG_INFO = NO;
				MTL_FAST_MATH = YES;
				SDKROOT = iphoneos;
				SWIFT_COMPILATION_MODE = wholemodule;
				SWIFT_OPTIMIZATION_LEVEL = "-O";
				VALIDATE_PRODUCT = YES;
			};
			name = Release;
		};
		DCBE77FB2516E95E003085E6 /* Debug */ = {
			isa = XCBuildConfiguration;
			buildSettings = {
				ASSETCATALOG_COMPILER_APPICON_NAME = AppIcon;
				ASSETCATALOG_COMPILER_GLOBAL_ACCENT_COLOR_NAME = AccentColor;
				CODE_SIGN_STYLE = Automatic;
				DEVELOPMENT_ASSET_PATHS = "\"EmojiArt/Preview Content\"";
				DEVELOPMENT_TEAM = KVP5L8TLD7;
				ENABLE_PREVIEWS = YES;
				INFOPLIST_FILE = EmojiArt/Info.plist;
				IPHONEOS_DEPLOYMENT_TARGET = 14.0;
				LD_RUNPATH_SEARCH_PATHS = (
					"$(inherited)",
					"@executable_path/Frameworks",
				);
				PRODUCT_BUNDLE_IDENTIFIER = ildukm.EmojiArt;
				PRODUCT_NAME = "$(TARGET_NAME)";
				SWIFT_VERSION = 5.0;
				TARGETED_DEVICE_FAMILY = "1,2";
			};
			name = Debug;
		};
		DCBE77FC2516E95E003085E6 /* Release */ = {
			isa = XCBuildConfiguration;
			buildSettings = {
				ASSETCATALOG_COMPILER_APPICON_NAME = AppIcon;
				ASSETCATALOG_COMPILER_GLOBAL_ACCENT_COLOR_NAME = AccentColor;
				CODE_SIGN_STYLE = Automatic;
				DEVELOPMENT_ASSET_PATHS = "\"EmojiArt/Preview Content\"";
				DEVELOPMENT_TEAM = KVP5L8TLD7;
				ENABLE_PREVIEWS = YES;
				INFOPLIST_FILE = EmojiArt/Info.plist;
				IPHONEOS_DEPLOYMENT_TARGET = 14.0;
				LD_RUNPATH_SEARCH_PATHS = (
					"$(inherited)",
					"@executable_path/Frameworks",
				);
				PRODUCT_BUNDLE_IDENTIFIER = ildukm.EmojiArt;
				PRODUCT_NAME = "$(TARGET_NAME)";
				SWIFT_VERSION = 5.0;
				TARGETED_DEVICE_FAMILY = "1,2";
			};
			name = Release;
		};
/* End XCBuildConfiguration section */

/* Begin XCConfigurationList section */
		DCBE77E62516E95A003085E6 /* Build configuration list for PBXProject "EmojiArt" */ = {
			isa = XCConfigurationList;
			buildConfigurations = (
				DCBE77F82516E95E003085E6 /* Debug */,
				DCBE77F92516E95E003085E6 /* Release */,
			);
			defaultConfigurationIsVisible = 0;
			defaultConfigurationName = Release;
		};
		DCBE77FA2516E95E003085E6 /* Build configuration list for PBXNativeTarget "EmojiArt" */ = {
			isa = XCConfigurationList;
			buildConfigurations = (
				DCBE77FB2516E95E003085E6 /* Debug */,
				DCBE77FC2516E95E003085E6 /* Release */,
			);
			defaultConfigurationIsVisible = 0;
			defaultConfigurationName = Release;
		};
/* End XCConfigurationList section */
	};
	rootObject = DCBE77E32516E95A003085E6 /* Project object */;
}
