// !$*UTF8*$!
{
	archiveVersion = 1;
	classes = {
	};
	objectVersion = 50;
	objects = {

/* Begin PBXBuildFile section */
		D7A431EF24F519CB00B9594B /* Grid.swift in Sources */ = {isa = PBXBuildFile; fileRef = D7A431EE24F519CB00B9594B /* Grid.swift */; };
		D7A431F124F51AD200B9594B /* GridLayout.swift in Sources */ = {isa = PBXBuildFile; fileRef = D7A431F024F51AD200B9594B /* GridLayout.swift */; };
		D7A431F324F51D2500B9594B /* Array+Identifiable.swift in Sources */ = {isa = PBXBuildFile; fileRef = D7A431F224F51D2500B9594B /* Array+Identifiable.swift */; };
		D7A431F524F52D6A00B9594B /* Array+only.swift in Sources */ = {isa = PBXBuildFile; fileRef = D7A431F424F52D6A00B9594B /* Array+only.swift */; };
		D7AB0CE224BAEFE500C9044A /* AppDelegate.swift in Sources */ = {isa = PBXBuildFile; fileRef = D7AB0CE124BAEFE500C9044A /* AppDelegate.swift */; };
		D7AB0CE424BAEFE500C9044A /* SceneDelegate.swift in Sources */ = {isa = PBXBuildFile; fileRef = D7AB0CE324BAEFE500C9044A /* SceneDelegate.swift */; };
		D7AB0CE624BAEFE500C9044A /* EmojiMemoryGameView.swift in Sources */ = {isa = PBXBuildFile; fileRef = D7AB0CE524BAEFE500C9044A /* EmojiMemoryGameView.swift */; };
		D7AB0CE824BAEFE800C9044A /* Assets.xcassets in Resources */ = {isa = PBXBuildFile; fileRef = D7AB0CE724BAEFE800C9044A /* Assets.xcassets */; };
		D7AB0CEB24BAEFE800C9044A /* Preview Assets.xcassets in Resources */ = {isa = PBXBuildFile; fileRef = D7AB0CEA24BAEFE800C9044A /* Preview Assets.xcassets */; };
		D7AB0CEE24BAEFE800C9044A /* LaunchScreen.storyboard in Resources */ = {isa = PBXBuildFile; fileRef = D7AB0CEC24BAEFE800C9044A /* LaunchScreen.storyboard */; };
		D7E1773624FDDB320093C559 /* Cardify.swift in Sources */ = {isa = PBXBuildFile; fileRef = D7E1773524FDDB320093C559 /* Cardify.swift */; };
		D7E1773824FDFA450093C559 /* Pie.swift in Sources */ = {isa = PBXBuildFile; fileRef = D7E1773724FDFA450093C559 /* Pie.swift */; };
		DCB1D43224C07FED00168A56 /* EmojiMemoryGame.swift in Sources */ = {isa = PBXBuildFile; fileRef = DCB1D43124C07FED00168A56 /* EmojiMemoryGame.swift */; };
		DCB1D43424C0807300168A56 /* MemoryGame.swift in Sources */ = {isa = PBXBuildFile; fileRef = DCB1D43324C0807300168A56 /* MemoryGame.swift */; };
/* End PBXBuildFile section */

/* Begin PBXFileReference section */
		D7A431EE24F519CB00B9594B /* Grid.swift */ = {isa = PBXFileReference; lastKnownFileType = sourcecode.swift; path = Grid.swift; sourceTree = "<group>"; };
		D7A431F024F51AD200B9594B /* GridLayout.swift */ = {isa = PBXFileReference; fileEncoding = 4; lastKnownFileType = sourcecode.swift; path = GridLayout.swift; sourceTree = "<group>"; };
		D7A431F224F51D2500B9594B /* Array+Identifiable.swift */ = {isa = PBXFileReference; lastKnownFileType = sourcecode.swift; path = "Array+Identifiable.swift"; sourceTree = "<group>"; };
		D7A431F424F52D6A00B9594B /* Array+only.swift */ = {isa = PBXFileReference; lastKnownFileType = sourcecode.swift; path = "Array+only.swift"; sourceTree = "<group>"; };
		D7AB0CDE24BAEFE500C9044A /* Memorize.app */ = {isa = PBXFileReference; explicitFileType = wrapper.application; includeInIndex = 0; path = Memorize.app; sourceTree = BUILT_PRODUCTS_DIR; };
		D7AB0CE124BAEFE500C9044A /* AppDelegate.swift */ = {isa = PBXFileReference; lastKnownFileType = sourcecode.swift; path = AppDelegate.swift; sourceTree = "<group>"; };
		D7AB0CE324BAEFE500C9044A /* SceneDelegate.swift */ = {isa = PBXFileReference; lastKnownFileType = sourcecode.swift; path = SceneDelegate.swift; sourceTree = "<group>"; };
		D7AB0CE524BAEFE500C9044A /* EmojiMemoryGameView.swift */ = {isa = PBXFileReference; lastKnownFileType = sourcecode.swift; path = EmojiMemoryGameView.swift; sourceTree = "<group>"; };
		D7AB0CE724BAEFE800C9044A /* Assets.xcassets */ = {isa = PBXFileReference; lastKnownFileType = folder.assetcatalog; path = Assets.xcassets; sourceTree = "<group>"; };
		D7AB0CEA24BAEFE800C9044A /* Preview Assets.xcassets */ = {isa = PBXFileReference; lastKnownFileType = folder.assetcatalog; path = "Preview Assets.xcassets"; sourceTree = "<group>"; };
		D7AB0CED24BAEFE800C9044A /* Base */ = {isa = PBXFileReference; lastKnownFileType = file.storyboard; name = Base; path = Base.lproj/LaunchScreen.storyboard; sourceTree = "<group>"; };
		D7AB0CEF24BAEFE800C9044A /* Info.plist */ = {isa = PBXFileReference; lastKnownFileType = text.plist.xml; path = Info.plist; sourceTree = "<group>"; };
		D7E1773524FDDB320093C559 /* Cardify.swift */ = {isa = PBXFileReference; lastKnownFileType = sourcecode.swift; path = Cardify.swift; sourceTree = "<group>"; };
		D7E1773724FDFA450093C559 /* Pie.swift */ = {isa = PBXFileReference; lastKnownFileType = sourcecode.swift; path = Pie.swift; sourceTree = "<group>"; };
		DCB1D43124C07FED00168A56 /* EmojiMemoryGame.swift */ = {isa = PBXFileReference; lastKnownFileType = sourcecode.swift; path = EmojiMemoryGame.swift; sourceTree = "<group>"; };
		DCB1D43324C0807300168A56 /* MemoryGame.swift */ = {isa = PBXFileReference; lastKnownFileType = sourcecode.swift; path = MemoryGame.swift; sourceTree = "<group>"; };
/* End PBXFileReference section */

/* Begin PBXFrameworksBuildPhase section */
		D7AB0CDB24BAEFE500C9044A /* Frameworks */ = {
			isa = PBXFrameworksBuildPhase;
			buildActionMask = 2147483647;
			files = (
			);
			runOnlyForDeploymentPostprocessing = 0;
		};
/* End PBXFrameworksBuildPhase section */

/* Begin PBXGroup section */
		D7AB0CD524BAEFE500C9044A = {
			isa = PBXGroup;
			children = (
				D7AB0CE024BAEFE500C9044A /* Memorize */,
				D7AB0CDF24BAEFE500C9044A /* Products */,
			);
			sourceTree = "<group>";
		};
		D7AB0CDF24BAEFE500C9044A /* Products */ = {
			isa = PBXGroup;
			children = (
				D7AB0CDE24BAEFE500C9044A /* Memorize.app */,
			);
			name = Products;
			sourceTree = "<group>";
		};
		D7AB0CE024BAEFE500C9044A /* Memorize */ = {
			isa = PBXGroup;
			children = (
				D7AB0CE124BAEFE500C9044A /* AppDelegate.swift */,
				D7AB0CE324BAEFE500C9044A /* SceneDelegate.swift */,
				D7AB0CE524BAEFE500C9044A /* EmojiMemoryGameView.swift */,
				D7E1773724FDFA450093C559 /* Pie.swift */,
				D7E1773524FDDB320093C559 /* Cardify.swift */,
				D7A431EE24F519CB00B9594B /* Grid.swift */,
				D7A431F224F51D2500B9594B /* Array+Identifiable.swift */,
				D7A431F024F51AD200B9594B /* GridLayout.swift */,
				DCB1D43124C07FED00168A56 /* EmojiMemoryGame.swift */,
				DCB1D43324C0807300168A56 /* MemoryGame.swift */,
				D7A431F424F52D6A00B9594B /* Array+only.swift */,
				D7AB0CE724BAEFE800C9044A /* Assets.xcassets */,
				D7AB0CEC24BAEFE800C9044A /* LaunchScreen.storyboard */,
				D7AB0CEF24BAEFE800C9044A /* Info.plist */,
				D7AB0CE924BAEFE800C9044A /* Preview Content */,
			);
			path = Memorize;
			sourceTree = "<group>";
		};
		D7AB0CE924BAEFE800C9044A /* Preview Content */ = {
			isa = PBXGroup;
			children = (
				D7AB0CEA24BAEFE800C9044A /* Preview Assets.xcassets */,
			);
			path = "Preview Content";
			sourceTree = "<group>";
		};
/* End PBXGroup section */

/* Begin PBXNativeTarget section */
		D7AB0CDD24BAEFE500C9044A /* Memorize */ = {
			isa = PBXNativeTarget;
			buildConfigurationList = D7AB0CF224BAEFE800C9044A /* Build configuration list for PBXNativeTarget "Memorize" */;
			buildPhases = (
				D7AB0CDA24BAEFE500C9044A /* Sources */,
				D7AB0CDB24BAEFE500C9044A /* Frameworks */,
				D7AB0CDC24BAEFE500C9044A /* Resources */,
			);
			buildRules = (
			);
			dependencies = (
			);
			name = Memorize;
			productName = Memorize;
			productReference = D7AB0CDE24BAEFE500C9044A /* Memorize.app */;
			productType = "com.apple.product-type.application";
		};
/* End PBXNativeTarget section */

/* Begin PBXProject section */
		D7AB0CD624BAEFE500C9044A /* Project object */ = {
			isa = PBXProject;
			attributes = {
				LastSwiftUpdateCheck = 1150;
				LastUpgradeCheck = 1150;
				TargetAttributes = {
					D7AB0CDD24BAEFE500C9044A = {
						CreatedOnToolsVersion = 11.5;
					};
				};
			};
			buildConfigurationList = D7AB0CD924BAEFE500C9044A /* Build configuration list for PBXProject "Memorize" */;
			compatibilityVersion = "Xcode 9.3";
			developmentRegion = en;
			hasScannedForEncodings = 0;
			knownRegions = (
				en,
				Base,
			);
			mainGroup = D7AB0CD524BAEFE500C9044A;
			productRefGroup = D7AB0CDF24BAEFE500C9044A /* Products */;
			projectDirPath = "";
			projectRoot = "";
			targets = (
				D7AB0CDD24BAEFE500C9044A /* Memorize */,
			);
		};
/* End PBXProject section */

/* Begin PBXResourcesBuildPhase section */
		D7AB0CDC24BAEFE500C9044A /* Resources */ = {
			isa = PBXResourcesBuildPhase;
			buildActionMask = 2147483647;
			files = (
				D7AB0CEE24BAEFE800C9044A /* LaunchScreen.storyboard in Resources */,
				D7AB0CEB24BAEFE800C9044A /* Preview Assets.xcassets in Resources */,
				D7AB0CE824BAEFE800C9044A /* Assets.xcassets in Resources */,
			);
			runOnlyForDeploymentPostprocessing = 0;
		};
/* End PBXResourcesBuildPhase section */

/* Begin PBXSourcesBuildPhase section */
		D7AB0CDA24BAEFE500C9044A /* Sources */ = {
			isa = PBXSourcesBuildPhase;
			buildActionMask = 2147483647;
			files = (
				D7AB0CE224BAEFE500C9044A /* AppDelegate.swift in Sources */,
				D7AB0CE424BAEFE500C9044A /* SceneDelegate.swift in Sources */,
				DCB1D43424C0807300168A56 /* MemoryGame.swift in Sources */,
				D7A431F524F52D6A00B9594B /* Array+only.swift in Sources */,
				D7AB0CE624BAEFE500C9044A /* EmojiMemoryGameView.swift in Sources */,
				DCB1D43224C07FED00168A56 /* EmojiMemoryGame.swift in Sources */,
				D7A431F324F51D2500B9594B /* Array+Identifiable.swift in Sources */,
				D7A431F124F51AD200B9594B /* GridLayout.swift in Sources */,
				D7E1773824FDFA450093C559 /* Pie.swift in Sources */,
				D7E1773624FDDB320093C559 /* Cardify.swift in Sources */,
				D7A431EF24F519CB00B9594B /* Grid.swift in Sources */,
			);
			runOnlyForDeploymentPostprocessing = 0;
		};
/* End PBXSourcesBuildPhase section */

/* Begin PBXVariantGroup section */
		D7AB0CEC24BAEFE800C9044A /* LaunchScreen.storyboard */ = {
			isa = PBXVariantGroup;
			children = (
				D7AB0CED24BAEFE800C9044A /* Base */,
			);
			name = LaunchScreen.storyboard;
			sourceTree = "<group>";
		};
/* End PBXVariantGroup section */

/* Begin XCBuildConfiguration section */
		D7AB0CF024BAEFE800C9044A /* Debug */ = {
			isa = XCBuildConfiguration;
			buildSettings = {
				ALWAYS_SEARCH_USER_PATHS = NO;
				CLANG_ANALYZER_NONNULL = YES;
				CLANG_ANALYZER_NUMBER_OBJECT_CONVERSION = YES_AGGRESSIVE;
				CLANG_CXX_LANGUAGE_STANDARD = "gnu++14";
				CLANG_CXX_LIBRARY = "libc++";
				CLANG_ENABLE_MODULES = YES;
				CLANG_ENABLE_OBJC_ARC = YES;
				CLANG_ENABLE_OBJC_WEAK = YES;
				CLANG_WARN_BLOCK_CAPTURE_AUTORELEASING = YES;
				CLANG_WARN_BOOL_CONVERSION = YES;
				CLANG_WARN_COMMA = YES;
				CLANG_WARN_CONSTANT_CONVERSION = YES;
				CLANG_WARN_DEPRECATED_OBJC_IMPLEMENTATIONS = YES;
				CLANG_WARN_DIRECT_OBJC_ISA_USAGE = YES_ERROR;
				CLANG_WARN_DOCUMENTATION_COMMENTS = YES;
				CLANG_WARN_EMPTY_BODY = YES;
				CLANG_WARN_ENUM_CONVERSION = YES;
				CLANG_WARN_INFINITE_RECURSION = YES;
				CLANG_WARN_INT_CONVERSION = YES;
				CLANG_WARN_NON_LITERAL_NULL_CONVERSION = YES;
				CLANG_WARN_OBJC_IMPLICIT_RETAIN_SELF = YES;
				CLANG_WARN_OBJC_LITERAL_CONVERSION = YES;
				CLANG_WARN_OBJC_ROOT_CLASS = YES_ERROR;
				CLANG_WARN_RANGE_LOOP_ANALYSIS = YES;
				CLANG_WARN_STRICT_PROTOTYPES = YES;
				CLANG_WARN_SUSPICIOUS_MOVE = YES;
				CLANG_WARN_UNGUARDED_AVAILABILITY = YES_AGGRESSIVE;
				CLANG_WARN_UNREACHABLE_CODE = YES;
				CLANG_WARN__DUPLICATE_METHOD_MATCH = YES;
				COPY_PHASE_STRIP = NO;
				DEBUG_INFORMATION_FORMAT = dwarf;
				ENABLE_STRICT_OBJC_MSGSEND = YES;
				ENABLE_TESTABILITY = YES;
				GCC_C_LANGUAGE_STANDARD = gnu11;
				GCC_DYNAMIC_NO_PIC = NO;
				GCC_NO_COMMON_BLOCKS = YES;
				GCC_OPTIMIZATION_LEVEL = 0;
				GCC_PREPROCESSOR_DEFINITIONS = (
					"DEBUG=1",
					"$(inherited)",
				);
				GCC_WARN_64_TO_32_BIT_CONVERSION = YES;
				GCC_WARN_ABOUT_RETURN_TYPE = YES_ERROR;
				GCC_WARN_UNDECLARED_SELECTOR = YES;
				GCC_WARN_UNINITIALIZED_AUTOS = YES_AGGRESSIVE;
				GCC_WARN_UNUSED_FUNCTION = YES;
				GCC_WARN_UNUSED_VARIABLE = YES;
				IPHONEOS_DEPLOYMENT_TARGET = 13.5;
				MTL_ENABLE_DEBUG_INFO = INCLUDE_SOURCE;
				MTL_FAST_MATH = YES;
				ONLY_ACTIVE_ARCH = YES;
				SDKROOT = iphoneos;
				SWIFT_ACTIVE_COMPILATION_CONDITIONS = DEBUG;
				SWIFT_OPTIMIZATION_LEVEL = "-Onone";
			};
			name = Debug;
		};
		D7AB0CF124BAEFE800C9044A /* Release */ = {
			isa = XCBuildConfiguration;
			buildSettings = {
				ALWAYS_SEARCH_USER_PATHS = NO;
				CLANG_ANALYZER_NONNULL = YES;
				CLANG_ANALYZER_NUMBER_OBJECT_CONVERSION = YES_AGGRESSIVE;
				CLANG_CXX_LANGUAGE_STANDARD = "gnu++14";
				CLANG_CXX_LIBRARY = "libc++";
				CLANG_ENABLE_MODULES = YES;
				CLANG_ENABLE_OBJC_ARC = YES;
				CLANG_ENABLE_OBJC_WEAK = YES;
				CLANG_WARN_BLOCK_CAPTURE_AUTORELEASING = YES;
				CLANG_WARN_BOOL_CONVERSION = YES;
				CLANG_WARN_COMMA = YES;
				CLANG_WARN_CONSTANT_CONVERSION = YES;
				CLANG_WARN_DEPRECATED_OBJC_IMPLEMENTATIONS = YES;
				CLANG_WARN_DIRECT_OBJC_ISA_USAGE = YES_ERROR;
				CLANG_WARN_DOCUMENTATION_COMMENTS = YES;
				CLANG_WARN_EMPTY_BODY = YES;
				CLANG_WARN_ENUM_CONVERSION = YES;
				CLANG_WARN_INFINITE_RECURSION = YES;
				CLANG_WARN_INT_CONVERSION = YES;
				CLANG_WARN_NON_LITERAL_NULL_CONVERSION = YES;
				CLANG_WARN_OBJC_IMPLICIT_RETAIN_SELF = YES;
				CLANG_WARN_OBJC_LITERAL_CONVERSION = YES;
				CLANG_WARN_OBJC_ROOT_CLASS = YES_ERROR;
				CLANG_WARN_RANGE_LOOP_ANALYSIS = YES;
				CLANG_WARN_STRICT_PROTOTYPES = YES;
				CLANG_WARN_SUSPICIOUS_MOVE = YES;
				CLANG_WARN_UNGUARDED_AVAILABILITY = YES_AGGRESSIVE;
				CLANG_WARN_UNREACHABLE_CODE = YES;
				CLANG_WARN__DUPLICATE_METHOD_MATCH = YES;
				COPY_PHASE_STRIP = NO;
				DEBUG_INFORMATION_FORMAT = "dwarf-with-dsym";
				ENABLE_NS_ASSERTIONS = NO;
				ENABLE_STRICT_OBJC_MSGSEND = YES;
				GCC_C_LANGUAGE_STANDARD = gnu11;
				GCC_NO_COMMON_BLOCKS = YES;
				GCC_WARN_64_TO_32_BIT_CONVERSION = YES;
				GCC_WARN_ABOUT_RETURN_TYPE = YES_ERROR;
				GCC_WARN_UNDECLARED_SELECTOR = YES;
				GCC_WARN_UNINITIALIZED_AUTOS = YES_AGGRESSIVE;
				GCC_WARN_UNUSED_FUNCTION = YES;
				GCC_WARN_UNUSED_VARIABLE = YES;
				IPHONEOS_DEPLOYMENT_TARGET = 13.5;
				MTL_ENABLE_DEBUG_INFO = NO;
				MTL_FAST_MATH = YES;
				SDKROOT = iphoneos;
				SWIFT_COMPILATION_MODE = wholemodule;
				SWIFT_OPTIMIZATION_LEVEL = "-O";
				VALIDATE_PRODUCT = YES;
			};
			name = Release;
		};
		D7AB0CF324BAEFE800C9044A /* Debug */ = {
			isa = XCBuildConfiguration;
			buildSettings = {
				ASSETCATALOG_COMPILER_APPICON_NAME = AppIcon;
				CODE_SIGN_STYLE = Automatic;
				DEVELOPMENT_ASSET_PATHS = "\"Memorize/Preview Content\"";
				ENABLE_PREVIEWS = YES;
				INFOPLIST_FILE = Memorize/Info.plist;
				LD_RUNPATH_SEARCH_PATHS = (
					"$(inherited)",
					"@executable_path/Frameworks",
				);
				PRODUCT_BUNDLE_IDENTIFIER = com.gmail.ildukm.Memorize;
				PRODUCT_NAME = "$(TARGET_NAME)";
				SWIFT_VERSION = 5.0;
				TARGETED_DEVICE_FAMILY = "1,2";
			};
			name = Debug;
		};
		D7AB0CF424BAEFE800C9044A /* Release */ = {
			isa = XCBuildConfiguration;
			buildSettings = {
				ASSETCATALOG_COMPILER_APPICON_NAME = AppIcon;
				CODE_SIGN_STYLE = Automatic;
				DEVELOPMENT_ASSET_PATHS = "\"Memorize/Preview Content\"";
				ENABLE_PREVIEWS = YES;
				INFOPLIST_FILE = Memorize/Info.plist;
				LD_RUNPATH_SEARCH_PATHS = (
					"$(inherited)",
					"@executable_path/Frameworks",
				);
				PRODUCT_BUNDLE_IDENTIFIER = com.gmail.ildukm.Memorize;
				PRODUCT_NAME = "$(TARGET_NAME)";
				SWIFT_VERSION = 5.0;
				TARGETED_DEVICE_FAMILY = "1,2";
			};
			name = Release;
		};
/* End XCBuildConfiguration section */

/* Begin XCConfigurationList section */
		D7AB0CD924BAEFE500C9044A /* Build configuration list for PBXProject "Memorize" */ = {
			isa = XCConfigurationList;
			buildConfigurations = (
				D7AB0CF024BAEFE800C9044A /* Debug */,
				D7AB0CF124BAEFE800C9044A /* Release */,
			);
			defaultConfigurationIsVisible = 0;
			defaultConfigurationName = Release;
		};
		D7AB0CF224BAEFE800C9044A /* Build configuration list for PBXNativeTarget "Memorize" */ = {
			isa = XCConfigurationList;
			buildConfigurations = (
				D7AB0CF324BAEFE800C9044A /* Debug */,
				D7AB0CF424BAEFE800C9044A /* Release */,
			);
			defaultConfigurationIsVisible = 0;
			defaultConfigurationName = Release;
		};
/* End XCConfigurationList section */
	};
	rootObject = D7AB0CD624BAEFE500C9044A /* Project object */;
}
